
Microsoft Visual Studio Solution File, Format Version 12.00
# Visual Studio Version 16
VisualStudioVersion = 16.0.31410.357
MinimumVisualStudioVersion = 10.0.40219.1
Project("{FAE04EC0-301F-11D3-BF4B-00C04F79EFBC}") = "auction-api", "auction-api\auction-api.csproj", "{0738C0AA-B61B-4BD8-A84B-08F6ABC6C04C}"
EndProject
Global
	GlobalSection(SolutionConfigurationPlatforms) = preSolution
		Debug|Any CPU = Debug|Any CPU
		Release|Any CPU = Release|Any CPU
	EndGlobalSection
	GlobalSection(ProjectConfigurationPlatforms) = postSolution
		{0738C0AA-B61B-4BD8-A84B-08F6ABC6C04C}.Debug|Any CPU.ActiveCfg = Debug|Any CPU
		{0738C0AA-B61B-4BD8-A84B-08F6ABC6C04C}.Debug|Any CPU.Build.0 = Debug|Any CPU
		{0738C0AA-B61B-4BD8-A84B-08F6ABC6C04C}.Release|Any CPU.ActiveCfg = Release|Any CPU
		{0738C0AA-B61B-4BD8-A84B-08F6ABC6C04C}.Release|Any CPU.Build.0 = Release|Any CPU
	EndGlobalSection
	GlobalSection(SolutionProperties) = preSolution
		HideSolutionNode = FALSE
	EndGlobalSection
	GlobalSection(ExtensibilityGlobals) = postSolution
		SolutionGuid = {5955326B-D7B4-4946-AE7B-F4DB50DA92DA}
	EndGlobalSection
EndGlobal
